
Microsoft Visual Studio Solution File, Format Version 12.00
# Visual Studio Version 17
VisualStudioVersion = 17.10.34928.147
MinimumVisualStudioVersion = 10.0.40219.1
Project("{9A19103F-16F7-4668-BE54-9A1E7A4F7556}") = "WoodCatalog.API", "WoodCatalog.API\WoodCatalog.API.csproj", "{D9E889A2-0C3E-4F8B-A9CE-964EBF6D072C}"
EndProject
Project("{FAE04EC0-301F-11D3-BF4B-00C04F79EFBC}") = "WoodCatalog.Domain", "WoodCatalog.Domain\WoodCatalog.Domain.csproj", "{C2D37A2F-9EF3-408B-B0A7-95AA4CB9376C}"
EndProject
Project("{FAE04EC0-301F-11D3-BF4B-00C04F79EFBC}") = "WoodCatalog.Redis", "WoodCatalog.Redis\WoodCatalog.Redis.csproj", "{8F94358C-7962-4D87-A1E2-5EC17F9CC6CF}"
EndProject
Project("{FAE04EC0-301F-11D3-BF4B-00C04F79EFBC}") = "WoodCatalog.Tests", "WoodCatalog.Tests\WoodCatalog.Tests.csproj", "{91A6C9BD-5F59-4F97-AD6F-E6CC0EB362C4}"
EndProject
Global
	GlobalSection(SolutionConfigurationPlatforms) = preSolution
		Debug|Any CPU = Debug|Any CPU
		Release|Any CPU = Release|Any CPU
	EndGlobalSection
	GlobalSection(ProjectConfigurationPlatforms) = postSolution
		{D9E889A2-0C3E-4F8B-A9CE-964EBF6D072C}.Debug|Any CPU.ActiveCfg = Debug|Any CPU
		{D9E889A2-0C3E-4F8B-A9CE-964EBF6D072C}.Debug|Any CPU.Build.0 = Debug|Any CPU
		{D9E889A2-0C3E-4F8B-A9CE-964EBF6D072C}.Release|Any CPU.ActiveCfg = Release|Any CPU
		{D9E889A2-0C3E-4F8B-A9CE-964EBF6D072C}.Release|Any CPU.Build.0 = Release|Any CPU
		{C2D37A2F-9EF3-408B-B0A7-95AA4CB9376C}.Debug|Any CPU.ActiveCfg = Debug|Any CPU
		{C2D37A2F-9EF3-408B-B0A7-95AA4CB9376C}.Debug|Any CPU.Build.0 = Debug|Any CPU
		{C2D37A2F-9EF3-408B-B0A7-95AA4CB9376C}.Release|Any CPU.ActiveCfg = Release|Any CPU
		{C2D37A2F-9EF3-408B-B0A7-95AA4CB9376C}.Release|Any CPU.Build.0 = Release|Any CPU
		{8F94358C-7962-4D87-A1E2-5EC17F9CC6CF}.Debug|Any CPU.ActiveCfg = Debug|Any CPU
		{8F94358C-7962-4D87-A1E2-5EC17F9CC6CF}.Debug|Any CPU.Build.0 = Debug|Any CPU
		{8F94358C-7962-4D87-A1E2-5EC17F9CC6CF}.Release|Any CPU.ActiveCfg = Release|Any CPU
		{8F94358C-7962-4D87-A1E2-5EC17F9CC6CF}.Release|Any CPU.Build.0 = Release|Any CPU
		{91A6C9BD-5F59-4F97-AD6F-E6CC0EB362C4}.Debug|Any CPU.ActiveCfg = Debug|Any CPU
		{91A6C9BD-5F59-4F97-AD6F-E6CC0EB362C4}.Debug|Any CPU.Build.0 = Debug|Any CPU
		{91A6C9BD-5F59-4F97-AD6F-E6CC0EB362C4}.Release|Any CPU.ActiveCfg = Release|Any CPU
		{91A6C9BD-5F59-4F97-AD6F-E6CC0EB362C4}.Release|Any CPU.Build.0 = Release|Any CPU
	EndGlobalSection
	GlobalSection(SolutionProperties) = preSolution
		HideSolutionNode = FALSE
	EndGlobalSection
	GlobalSection(ExtensibilityGlobals) = postSolution
		SolutionGuid = {ED15031C-E443-4872-B4D0-F8EE980AF9F0}
	EndGlobalSection
EndGlobal
